{
  "name": "airmap-map-sdk",
  "version": "2.2.0",
  "dependencies": {
    "@mapbox/gl-matrix": {
      "version": "0.0.1",
      "from": "@mapbox/gl-matrix@>=0.0.1 <0.0.2",
      "resolved": "https://registry.npmjs.org/@mapbox/gl-matrix/-/gl-matrix-0.0.1.tgz"
    },
    "@mapbox/point-geometry": {
      "version": "0.1.0",
      "from": "@mapbox/point-geometry@0.1.0",
      "resolved": "https://registry.npmjs.org/@mapbox/point-geometry/-/point-geometry-0.1.0.tgz"
    },
    "@mapbox/shelf-pack": {
      "version": "3.0.0",
      "from": "@mapbox/shelf-pack@>=3.0.0 <4.0.0",
      "resolved": "https://registry.npmjs.org/@mapbox/shelf-pack/-/shelf-pack-3.0.0.tgz"
    },
    "@mapbox/unitbezier": {
      "version": "0.0.0",
      "from": "@mapbox/unitbezier@>=0.0.0 <0.0.1",
      "resolved": "https://registry.npmjs.org/@mapbox/unitbezier/-/unitbezier-0.0.0.tgz"
    },
    "@mapbox/vector-tile": {
      "version": "1.3.0",
      "from": "@mapbox/vector-tile@>=1.3.0 <2.0.0",
      "resolved": "https://registry.npmjs.org/@mapbox/vector-tile/-/vector-tile-1.3.0.tgz"
    },
    "@mapbox/whoots-js": {
      "version": "3.0.0",
      "from": "@mapbox/whoots-js@>=3.0.0 <4.0.0",
      "resolved": "https://registry.npmjs.org/@mapbox/whoots-js/-/whoots-js-3.0.0.tgz"
    },
    "acorn": {
      "version": "5.1.1",
      "from": "acorn@>=5.0.0 <6.0.0",
      "resolved": "https://registry.npmjs.org/acorn/-/acorn-5.1.1.tgz"
    },
    "acorn-jsx": {
      "version": "3.0.1",
      "from": "acorn-jsx@>=3.0.1 <4.0.0",
      "resolved": "https://registry.npmjs.org/acorn-jsx/-/acorn-jsx-3.0.1.tgz",
      "dependencies": {
        "acorn": {
          "version": "3.3.0",
          "from": "acorn@>=3.0.4 <4.0.0",
          "resolved": "https://registry.npmjs.org/acorn/-/acorn-3.3.0.tgz"
        }
      }
    },
    "acorn-object-spread": {
      "version": "1.0.0",
      "from": "acorn-object-spread@>=1.0.0 <2.0.0",
      "resolved": "https://registry.npmjs.org/acorn-object-spread/-/acorn-object-spread-1.0.0.tgz",
      "dependencies": {
        "acorn": {
          "version": "3.3.0",
          "from": "acorn@>=3.1.0 <4.0.0",
          "resolved": "https://registry.npmjs.org/acorn/-/acorn-3.3.0.tgz"
        }
      }
    },
    "amdefine": {
      "version": "1.0.1",
      "from": "amdefine@>=0.0.4",
      "resolved": "https://registry.npmjs.org/amdefine/-/amdefine-1.0.1.tgz"
    },
    "ansi-regex": {
      "version": "2.1.1",
      "from": "ansi-regex@>=2.0.0 <3.0.0",
      "resolved": "https://registry.npmjs.org/ansi-regex/-/ansi-regex-2.1.1.tgz"
    },
    "ansi-styles": {
      "version": "2.2.1",
      "from": "ansi-styles@>=2.2.1 <3.0.0",
      "resolved": "https://registry.npmjs.org/ansi-styles/-/ansi-styles-2.2.1.tgz"
    },
    "async": {
      "version": "1.5.2",
      "from": "async@>=1.4.0 <2.0.0",
      "resolved": "https://registry.npmjs.org/async/-/async-1.5.2.tgz"
    },
    "babel-runtime": {
      "version": "6.25.0",
      "from": "babel-runtime@>=6.18.0 <7.0.0",
      "resolved": "https://registry.npmjs.org/babel-runtime/-/babel-runtime-6.25.0.tgz"
    },
    "babylon": {
      "version": "6.17.4",
      "from": "babylon@>=6.15.0 <7.0.0",
      "resolved": "https://registry.npmjs.org/babylon/-/babylon-6.17.4.tgz"
    },
    "base64-js": {
      "version": "0.0.2",
      "from": "base64-js@0.0.2",
      "resolved": "https://registry.npmjs.org/base64-js/-/base64-js-0.0.2.tgz"
    },
    "bops": {
      "version": "0.0.6",
      "from": "bops@0.0.6",
      "resolved": "https://registry.npmjs.org/bops/-/bops-0.0.6.tgz"
    },
    "brfs": {
      "version": "1.4.3",
      "from": "brfs@>=1.4.0 <2.0.0",
      "resolved": "https://registry.npmjs.org/brfs/-/brfs-1.4.3.tgz"
    },
    "browserify-package-json": {
      "version": "1.0.1",
      "from": "browserify-package-json@>=1.0.0 <2.0.0",
      "resolved": "https://registry.npmjs.org/browserify-package-json/-/browserify-package-json-1.0.1.tgz"
    },
    "buble": {
      "version": "0.15.2",
      "from": "buble@>=0.15.1 <0.16.0",
      "resolved": "https://registry.npmjs.org/buble/-/buble-0.15.2.tgz",
      "dependencies": {
        "acorn": {
          "version": "3.3.0",
          "from": "acorn@>=3.3.0 <4.0.0",
          "resolved": "https://registry.npmjs.org/acorn/-/acorn-3.3.0.tgz"
        }
      }
    },
    "bubleify": {
      "version": "0.7.0",
      "from": "bubleify@>=0.7.0 <0.8.0",
      "resolved": "https://registry.npmjs.org/bubleify/-/bubleify-0.7.0.tgz"
    },
    "buffer-equal": {
      "version": "0.0.1",
      "from": "buffer-equal@0.0.1",
      "resolved": "https://registry.npmjs.org/buffer-equal/-/buffer-equal-0.0.1.tgz"
    },
    "call-matcher": {
      "version": "1.0.1",
      "from": "call-matcher@>=1.0.1 <2.0.0",
      "resolved": "https://registry.npmjs.org/call-matcher/-/call-matcher-1.0.1.tgz",
      "dependencies": {
        "estraverse": {
          "version": "4.2.0",
          "from": "estraverse@>=4.0.0 <5.0.0",
          "resolved": "https://registry.npmjs.org/estraverse/-/estraverse-4.2.0.tgz"
        }
      }
    },
    "chalk": {
      "version": "1.1.3",
      "from": "chalk@>=1.1.3 <2.0.0",
      "resolved": "https://registry.npmjs.org/chalk/-/chalk-1.1.3.tgz"
    },
    "combined-stream": {
      "version": "1.0.5",
      "from": "combined-stream@>=1.0.5 <2.0.0",
      "resolved": "https://registry.npmjs.org/combined-stream/-/combined-stream-1.0.5.tgz"
    },
    "component-emitter": {
      "version": "1.2.1",
      "from": "component-emitter@>=1.2.0 <1.3.0",
      "resolved": "https://registry.npmjs.org/component-emitter/-/component-emitter-1.2.1.tgz"
    },
    "concat-stream": {
      "version": "1.6.0",
      "from": "concat-stream@>=1.6.0 <1.7.0",
      "resolved": "https://registry.npmjs.org/concat-stream/-/concat-stream-1.6.0.tgz"
    },
    "convert-source-map": {
      "version": "1.5.0",
      "from": "convert-source-map@>=1.1.1 <2.0.0",
      "resolved": "https://registry.npmjs.org/convert-source-map/-/convert-source-map-1.5.0.tgz"
    },
    "cookiejar": {
      "version": "2.0.6",
      "from": "cookiejar@2.0.6",
      "resolved": "https://registry.npmjs.org/cookiejar/-/cookiejar-2.0.6.tgz"
    },
    "core-js": {
      "version": "2.4.1",
      "from": "core-js@>=2.4.0 <3.0.0",
      "resolved": "https://registry.npmjs.org/core-js/-/core-js-2.4.1.tgz"
    },
    "core-util-is": {
      "version": "1.0.2",
      "from": "core-util-is@>=1.0.0 <1.1.0",
      "resolved": "https://registry.npmjs.org/core-util-is/-/core-util-is-1.0.2.tgz"
    },
    "debug": {
      "version": "2.6.8",
      "from": "debug@>=2.0.0 <3.0.0",
      "resolved": "https://registry.npmjs.org/debug/-/debug-2.6.8.tgz"
    },
    "deep-equal": {
      "version": "1.0.1",
      "from": "deep-equal@>=1.0.0 <2.0.0",
      "resolved": "https://registry.npmjs.org/deep-equal/-/deep-equal-1.0.1.tgz"
    },
    "deep-is": {
      "version": "0.1.3",
      "from": "deep-is@>=0.1.3 <0.2.0",
      "resolved": "https://registry.npmjs.org/deep-is/-/deep-is-0.1.3.tgz"
    },
    "delayed-stream": {
      "version": "1.0.0",
      "from": "delayed-stream@>=1.0.0 <1.1.0",
      "resolved": "https://registry.npmjs.org/delayed-stream/-/delayed-stream-1.0.0.tgz"
    },
    "duplexer2": {
      "version": "0.0.2",
      "from": "duplexer2@>=0.0.2 <0.1.0",
      "resolved": "https://registry.npmjs.org/duplexer2/-/duplexer2-0.0.2.tgz",
      "dependencies": {
        "isarray": {
          "version": "0.0.1",
          "from": "isarray@0.0.1",
          "resolved": "https://registry.npmjs.org/isarray/-/isarray-0.0.1.tgz"
        },
        "readable-stream": {
          "version": "1.1.14",
          "from": "readable-stream@>=1.1.9 <1.2.0",
          "resolved": "https://registry.npmjs.org/readable-stream/-/readable-stream-1.1.14.tgz"
        },
        "string_decoder": {
          "version": "0.10.31",
          "from": "string_decoder@>=0.10.0 <0.11.0",
          "resolved": "https://registry.npmjs.org/string_decoder/-/string_decoder-0.10.31.tgz"
        }
      }
    },
    "earcut": {
      "version": "2.1.1",
      "from": "earcut@>=2.0.3 <3.0.0",
      "resolved": "https://registry.npmjs.org/earcut/-/earcut-2.1.1.tgz"
    },
    "escape-string-regexp": {
      "version": "1.0.5",
      "from": "escape-string-regexp@>=1.0.2 <2.0.0",
      "resolved": "https://registry.npmjs.org/escape-string-regexp/-/escape-string-regexp-1.0.5.tgz"
    },
    "escodegen": {
      "version": "1.3.3",
      "from": "escodegen@>=1.3.2 <1.4.0",
      "resolved": "https://registry.npmjs.org/escodegen/-/escodegen-1.3.3.tgz"
    },
    "esprima": {
      "version": "1.1.1",
      "from": "esprima@>=1.1.1 <1.2.0",
      "resolved": "https://registry.npmjs.org/esprima/-/esprima-1.1.1.tgz"
    },
    "espurify": {
      "version": "1.7.0",
      "from": "espurify@>=1.3.0 <2.0.0",
      "resolved": "https://registry.npmjs.org/espurify/-/espurify-1.7.0.tgz"
    },
    "estraverse": {
      "version": "1.5.1",
      "from": "estraverse@>=1.5.0 <1.6.0",
      "resolved": "https://registry.npmjs.org/estraverse/-/estraverse-1.5.1.tgz"
    },
    "esutils": {
      "version": "1.0.0",
      "from": "esutils@>=1.0.0 <1.1.0",
      "resolved": "https://registry.npmjs.org/esutils/-/esutils-1.0.0.tgz"
    },
    "extend": {
      "version": "3.0.0",
      "from": "extend@3.0.0",
      "resolved": "https://registry.npmjs.org/extend/-/extend-3.0.0.tgz"
    },
    "falafel": {
      "version": "2.1.0",
      "from": "falafel@>=2.1.0 <3.0.0",
      "resolved": "https://registry.npmjs.org/falafel/-/falafel-2.1.0.tgz",
      "dependencies": {
        "isarray": {
          "version": "0.0.1",
          "from": "isarray@0.0.1",
          "resolved": "https://registry.npmjs.org/isarray/-/isarray-0.0.1.tgz"
        }
      }
    },
    "fast-levenshtein": {
      "version": "2.0.6",
      "from": "fast-levenshtein@>=2.0.4 <2.1.0",
      "resolved": "https://registry.npmjs.org/fast-levenshtein/-/fast-levenshtein-2.0.6.tgz"
    },
    "fg-loadcss": {
      "version": "1.3.1",
      "from": "fg-loadcss@>=1.2.0 <2.0.0",
      "resolved": "https://registry.npmjs.org/fg-loadcss/-/fg-loadcss-1.3.1.tgz"
    },
    "flow-remove-types": {
      "version": "1.2.1",
      "from": "flow-remove-types@>=1.1.2 <2.0.0",
      "resolved": "https://registry.npmjs.org/flow-remove-types/-/flow-remove-types-1.2.1.tgz"
    },
    "foreach": {
      "version": "2.0.5",
      "from": "foreach@>=2.0.5 <3.0.0",
      "resolved": "https://registry.npmjs.org/foreach/-/foreach-2.0.5.tgz"
    },
    "form-data": {
      "version": "1.0.0-rc3",
      "from": "form-data@1.0.0-rc3",
      "resolved": "https://registry.npmjs.org/form-data/-/form-data-1.0.0-rc3.tgz"
    },
    "formidable": {
      "version": "1.0.17",
      "from": "formidable@>=1.0.14 <1.1.0",
      "resolved": "https://registry.npmjs.org/formidable/-/formidable-1.0.17.tgz"
    },
    "function-bind": {
      "version": "1.1.0",
      "from": "function-bind@>=1.0.2 <2.0.0",
      "resolved": "https://registry.npmjs.org/function-bind/-/function-bind-1.1.0.tgz"
    },
    "geojson-area": {
      "version": "0.1.0",
      "from": "geojson-area@0.1.0",
      "resolved": "https://registry.npmjs.org/geojson-area/-/geojson-area-0.1.0.tgz"
    },
    "geojson-rewind": {
      "version": "0.1.0",
      "from": "geojson-rewind@>=0.1.0 <0.2.0",
      "resolved": "https://registry.npmjs.org/geojson-rewind/-/geojson-rewind-0.1.0.tgz",
      "dependencies": {
        "concat-stream": {
          "version": "1.2.1",
          "from": "concat-stream@>=1.2.1 <1.3.0",
          "resolved": "https://registry.npmjs.org/concat-stream/-/concat-stream-1.2.1.tgz"
        },
        "minimist": {
          "version": "0.0.5",
          "from": "minimist@0.0.5",
          "resolved": "https://registry.npmjs.org/minimist/-/minimist-0.0.5.tgz"
        }
      }
    },
    "geojson-vt": {
      "version": "2.4.0",
      "from": "geojson-vt@>=2.4.0 <3.0.0",
      "resolved": "https://registry.npmjs.org/geojson-vt/-/geojson-vt-2.4.0.tgz"
    },
    "grid-index": {
      "version": "1.0.0",
      "from": "grid-index@>=1.0.0 <2.0.0",
      "resolved": "https://registry.npmjs.org/grid-index/-/grid-index-1.0.0.tgz"
    },
    "has": {
      "version": "1.0.1",
      "from": "has@>=1.0.0 <2.0.0",
      "resolved": "https://registry.npmjs.org/has/-/has-1.0.1.tgz"
    },
    "has-ansi": {
      "version": "2.0.0",
      "from": "has-ansi@>=2.0.0 <3.0.0",
      "resolved": "https://registry.npmjs.org/has-ansi/-/has-ansi-2.0.0.tgz"
    },
    "ieee754": {
      "version": "1.1.8",
      "from": "ieee754@>=1.1.6 <2.0.0",
      "resolved": "https://registry.npmjs.org/ieee754/-/ieee754-1.1.8.tgz"
    },
    "inherits": {
      "version": "2.0.3",
      "from": "inherits@>=2.0.3 <2.1.0",
      "resolved": "https://registry.npmjs.org/inherits/-/inherits-2.0.3.tgz"
    },
    "insert-css": {
      "version": "2.0.0",
      "from": "insert-css@>=2.0.0 <3.0.0",
      "resolved": "https://registry.npmjs.org/insert-css/-/insert-css-2.0.0.tgz"
    },
    "isarray": {
      "version": "1.0.0",
      "from": "isarray@>=1.0.0 <1.1.0",
      "resolved": "https://registry.npmjs.org/isarray/-/isarray-1.0.0.tgz"
    },
    "kdbush": {
      "version": "1.0.1",
      "from": "kdbush@>=1.0.1 <2.0.0",
      "resolved": "https://registry.npmjs.org/kdbush/-/kdbush-1.0.1.tgz"
    },
    "levn": {
      "version": "0.3.0",
      "from": "levn@>=0.3.0 <0.4.0",
      "resolved": "https://registry.npmjs.org/levn/-/levn-0.3.0.tgz"
    },
    "load-script": {
      "version": "1.0.0",
      "from": "load-script@>=1.0.0 <2.0.0",
      "resolved": "https://registry.npmjs.org/load-script/-/load-script-1.0.0.tgz"
    },
    "lodash": {
      "version": "4.17.4",
      "from": "lodash@>=4.5.1 <5.0.0",
      "resolved": "https://registry.npmjs.org/lodash/-/lodash-4.17.4.tgz"
    },
    "magic-string": {
      "version": "0.14.0",
      "from": "magic-string@>=0.14.0 <0.15.0",
      "resolved": "https://registry.npmjs.org/magic-string/-/magic-string-0.14.0.tgz"
    },
    "mapbox-gl": {
      "version": "0.42.1",
      "from": "mapbox-gl@>=0.42.1 <0.42.1",
      "resolved": "https://registry.npmjs.org/mapbox-gl/-/mapbox-gl-0.42.1.tgz"
    },
    "mapbox-gl-js-mock": {
      "version": "0.26.0",
      "from": "mapbox-gl-js-mock@0.26.0",
      "resolved": "https://registry.npmjs.org/mapbox-gl-js-mock/-/mapbox-gl-js-mock-0.26.0.tgz",
      "dependencies": {
        "mapbox-gl": {
          "version": "0.26.0",
          "from": "mapbox-gl@0.26.0",
          "resolved": "https://registry.npmjs.org/mapbox-gl/-/mapbox-gl-0.26.0.tgz",
          "dependencies": {
            "gulp-sourcemaps": {
              "version": "1.7.1",
              "from": "gulp-sourcemaps@1.7.1",
              "resolved": "https://registry.npmjs.org/gulp-sourcemaps/-/gulp-sourcemaps-1.7.1.tgz"
            }
          }
        },
        "@turf/bbox-polygon": {
          "version": "4.5.2",
          "from": "@turf/bbox-polygon@4.5.2",
          "resolved": "https://registry.npmjs.org/@turf/bbox-polygon/-/bbox-polygon-4.5.2.tgz"
        },
        "@turf/buffer": {
          "version": "4.5.2",
          "from": "@turf/buffer@4.5.2",
          "resolved": "https://registry.npmjs.org/@turf/buffer/-/buffer-4.5.2.tgz"
        },
        "@turf/union": {
          "version": "4.5.2",
          "from": "@turf/union@4.5.2",
          "resolved": "https://registry.npmjs.org/@turf/union/-/union-4.5.2.tgz"
        }
      }
    },
    "mapbox-gl-supported": {
      "version": "1.2.0",
      "from": "mapbox-gl-supported@>=1.2.0 <2.0.0",
      "resolved": "https://registry.npmjs.org/mapbox-gl-supported/-/mapbox-gl-supported-1.2.0.tgz"
    },
    "methods": {
      "version": "1.1.2",
      "from": "methods@>=1.1.1 <1.2.0",
      "resolved": "https://registry.npmjs.org/methods/-/methods-1.1.2.tgz"
    },
    "mime": {
      "version": "1.3.4",
      "from": "mime@1.3.4",
      "resolved": "https://registry.npmjs.org/mime/-/mime-1.3.4.tgz"
    },
    "mime-db": {
      "version": "1.29.0",
      "from": "mime-db@>=1.29.0 <1.30.0",
      "resolved": "https://registry.npmjs.org/mime-db/-/mime-db-1.29.0.tgz"
    },
    "mime-types": {
      "version": "2.1.16",
      "from": "mime-types@>=2.1.3 <3.0.0",
      "resolved": "https://registry.npmjs.org/mime-types/-/mime-types-2.1.16.tgz"
    },
    "minimist": {
      "version": "1.2.0",
      "from": "minimist@>=1.1.3 <2.0.0",
      "resolved": "https://registry.npmjs.org/minimist/-/minimist-1.2.0.tgz"
    },
    "moment": {
      "version": "2.18.1",
      "from": "moment@>=2.12.0 <3.0.0",
      "resolved": "https://registry.npmjs.org/moment/-/moment-2.18.1.tgz"
    },
    "ms": {
      "version": "2.0.0",
      "from": "ms@2.0.0",
      "resolved": "https://registry.npmjs.org/ms/-/ms-2.0.0.tgz"
    },
    "multi-stage-sourcemap": {
      "version": "0.2.1",
      "from": "multi-stage-sourcemap@>=0.2.1 <0.3.0",
      "resolved": "https://registry.npmjs.org/multi-stage-sourcemap/-/multi-stage-sourcemap-0.2.1.tgz"
    },
    "object-assign": {
      "version": "4.1.1",
      "from": "object-assign@>=4.0.1 <5.0.0",
      "resolved": "https://registry.npmjs.org/object-assign/-/object-assign-4.1.1.tgz"
    },
    "object-inspect": {
      "version": "0.4.0",
      "from": "object-inspect@>=0.4.0 <0.5.0",
      "resolved": "https://registry.npmjs.org/object-inspect/-/object-inspect-0.4.0.tgz"
    },
    "object-keys": {
      "version": "1.0.11",
      "from": "object-keys@>=1.0.6 <2.0.0",
      "resolved": "https://registry.npmjs.org/object-keys/-/object-keys-1.0.11.tgz"
    },
    "optionator": {
      "version": "0.8.2",
      "from": "optionator@>=0.8.1 <0.9.0",
      "resolved": "https://registry.npmjs.org/optionator/-/optionator-0.8.2.tgz"
    },
    "os-homedir": {
      "version": "1.0.2",
      "from": "os-homedir@>=1.0.1 <2.0.0",
      "resolved": "https://registry.npmjs.org/os-homedir/-/os-homedir-1.0.2.tgz"
    },
    "package-json-versionify": {
      "version": "1.0.4",
      "from": "package-json-versionify@>=1.0.2 <2.0.0",
      "resolved": "https://registry.npmjs.org/package-json-versionify/-/package-json-versionify-1.0.4.tgz"
    },
    "path-parse": {
      "version": "1.0.5",
      "from": "path-parse@>=1.0.5 <2.0.0",
      "resolved": "https://registry.npmjs.org/path-parse/-/path-parse-1.0.5.tgz"
    },
    "pbf": {
      "version": "1.3.7",
      "from": "pbf@>=1.3.2 <2.0.0",
      "resolved": "https://registry.npmjs.org/pbf/-/pbf-1.3.7.tgz"
    },
    "point-geometry": {
      "version": "0.0.0",
      "from": "point-geometry@>=0.0.0 <0.0.1",
      "resolved": "https://registry.npmjs.org/point-geometry/-/point-geometry-0.0.0.tgz"
    },
    "prelude-ls": {
      "version": "1.1.2",
      "from": "prelude-ls@>=1.1.2 <1.2.0",
      "resolved": "https://registry.npmjs.org/prelude-ls/-/prelude-ls-1.1.2.tgz"
    },
    "process-nextick-args": {
      "version": "1.0.7",
      "from": "process-nextick-args@>=1.0.6 <1.1.0",
      "resolved": "https://registry.npmjs.org/process-nextick-args/-/process-nextick-args-1.0.7.tgz"
    },
    "protocol-buffers-schema": {
      "version": "2.2.0",
      "from": "protocol-buffers-schema@>=2.0.2 <3.0.0",
      "resolved": "https://registry.npmjs.org/protocol-buffers-schema/-/protocol-buffers-schema-2.2.0.tgz"
    },
    "qs": {
      "version": "2.3.3",
      "from": "qs@2.3.3",
      "resolved": "https://registry.npmjs.org/qs/-/qs-2.3.3.tgz"
    },
    "quickselect": {
      "version": "1.0.0",
      "from": "quickselect@>=1.0.0 <2.0.0",
      "resolved": "https://registry.npmjs.org/quickselect/-/quickselect-1.0.0.tgz"
    },
    "quote-stream": {
      "version": "1.0.2",
      "from": "quote-stream@>=1.0.1 <2.0.0",
      "resolved": "https://registry.npmjs.org/quote-stream/-/quote-stream-1.0.2.tgz"
    },
    "readable-stream": {
      "version": "2.3.3",
      "from": "readable-stream@>=2.1.5 <3.0.0",
      "resolved": "https://registry.npmjs.org/readable-stream/-/readable-stream-2.3.3.tgz"
    },
    "reduce-component": {
      "version": "1.0.1",
      "from": "reduce-component@1.0.1",
      "resolved": "https://registry.npmjs.org/reduce-component/-/reduce-component-1.0.1.tgz"
    },
    "regenerator-runtime": {
      "version": "0.10.5",
      "from": "regenerator-runtime@>=0.10.0 <0.11.0",
      "resolved": "https://registry.npmjs.org/regenerator-runtime/-/regenerator-runtime-0.10.5.tgz"
    },
    "resolve": {
      "version": "1.4.0",
      "from": "resolve@>=1.1.5 <2.0.0",
      "resolved": "https://registry.npmjs.org/resolve/-/resolve-1.4.0.tgz"
    },
    "resolve-protobuf-schema": {
      "version": "2.0.0",
      "from": "resolve-protobuf-schema@>=2.0.0 <3.0.0",
      "resolved": "https://registry.npmjs.org/resolve-protobuf-schema/-/resolve-protobuf-schema-2.0.0.tgz"
    },
    "safe-buffer": {
      "version": "5.1.1",
      "from": "safe-buffer@>=5.1.1 <5.2.0",
      "resolved": "https://registry.npmjs.org/safe-buffer/-/safe-buffer-5.1.1.tgz"
    },
    "shallow-copy": {
      "version": "0.0.1",
      "from": "shallow-copy@>=0.0.1 <0.1.0",
      "resolved": "https://registry.npmjs.org/shallow-copy/-/shallow-copy-0.0.1.tgz"
    },
    "source-map": {
      "version": "0.1.43",
      "from": "source-map@>=0.1.33 <0.2.0",
      "resolved": "https://registry.npmjs.org/source-map/-/source-map-0.1.43.tgz"
    },
    "static-eval": {
      "version": "0.2.4",
      "from": "static-eval@>=0.2.0 <0.3.0",
      "resolved": "https://registry.npmjs.org/static-eval/-/static-eval-0.2.4.tgz",
      "dependencies": {
        "escodegen": {
          "version": "0.0.28",
          "from": "escodegen@>=0.0.24 <0.1.0",
          "resolved": "https://registry.npmjs.org/escodegen/-/escodegen-0.0.28.tgz"
        },
        "esprima": {
          "version": "1.0.4",
          "from": "esprima@>=1.0.2 <1.1.0",
          "resolved": "https://registry.npmjs.org/esprima/-/esprima-1.0.4.tgz"
        },
        "estraverse": {
          "version": "1.3.2",
          "from": "estraverse@>=1.3.0 <1.4.0",
          "resolved": "https://registry.npmjs.org/estraverse/-/estraverse-1.3.2.tgz"
        }
      }
    },
    "static-module": {
      "version": "1.4.0",
      "from": "static-module@>=1.1.0 <2.0.0",
      "resolved": "https://registry.npmjs.org/static-module/-/static-module-1.4.0.tgz",
      "dependencies": {
        "isarray": {
          "version": "0.0.1",
          "from": "isarray@0.0.1",
          "resolved": "https://registry.npmjs.org/isarray/-/isarray-0.0.1.tgz"
        },
        "minimist": {
          "version": "0.0.8",
          "from": "minimist@0.0.8",
          "resolved": "https://registry.npmjs.org/minimist/-/minimist-0.0.8.tgz"
        },
        "object-keys": {
          "version": "0.4.0",
          "from": "object-keys@>=0.4.0 <0.5.0",
          "resolved": "https://registry.npmjs.org/object-keys/-/object-keys-0.4.0.tgz"
        },
        "quote-stream": {
          "version": "0.0.0",
          "from": "quote-stream@>=0.0.0 <0.1.0",
          "resolved": "https://registry.npmjs.org/quote-stream/-/quote-stream-0.0.0.tgz"
        },
        "readable-stream": {
          "version": "1.0.34",
          "from": "readable-stream@>=1.0.27-1 <1.1.0",
          "resolved": "https://registry.npmjs.org/readable-stream/-/readable-stream-1.0.34.tgz"
        },
        "string_decoder": {
          "version": "0.10.31",
          "from": "string_decoder@>=0.10.0 <0.11.0",
          "resolved": "https://registry.npmjs.org/string_decoder/-/string_decoder-0.10.31.tgz"
        },
        "through2": {
          "version": "0.4.2",
          "from": "through2@>=0.4.1 <0.5.0",
          "resolved": "https://registry.npmjs.org/through2/-/through2-0.4.2.tgz"
        },
        "xtend": {
          "version": "2.1.2",
          "from": "xtend@>=2.1.1 <2.2.0",
          "resolved": "https://registry.npmjs.org/xtend/-/xtend-2.1.2.tgz"
        }
      }
    },
    "string_decoder": {
      "version": "1.0.3",
      "from": "string_decoder@>=1.0.3 <1.1.0",
      "resolved": "https://registry.npmjs.org/string_decoder/-/string_decoder-1.0.3.tgz"
    },
    "strip-ansi": {
      "version": "3.0.1",
      "from": "strip-ansi@>=3.0.0 <4.0.0",
      "resolved": "https://registry.npmjs.org/strip-ansi/-/strip-ansi-3.0.1.tgz"
    },
    "superagent": {
      "version": "1.8.5",
      "from": "superagent@>=1.8.3 <2.0.0",
      "resolved": "https://registry.npmjs.org/superagent/-/superagent-1.8.5.tgz",
      "dependencies": {
        "isarray": {
          "version": "0.0.1",
          "from": "isarray@0.0.1",
          "resolved": "https://registry.npmjs.org/isarray/-/isarray-0.0.1.tgz"
        },
        "readable-stream": {
          "version": "1.0.27-1",
          "from": "readable-stream@1.0.27-1",
          "resolved": "https://registry.npmjs.org/readable-stream/-/readable-stream-1.0.27-1.tgz"
        },
        "string_decoder": {
          "version": "0.10.31",
          "from": "string_decoder@>=0.10.0 <0.11.0",
          "resolved": "https://registry.npmjs.org/string_decoder/-/string_decoder-0.10.31.tgz"
        }
      }
    },
    "supercluster": {
      "version": "2.3.0",
      "from": "supercluster@>=2.0.1 <3.0.0",
      "resolved": "https://registry.npmjs.org/supercluster/-/supercluster-2.3.0.tgz"
    },
    "supports-color": {
      "version": "2.0.0",
      "from": "supports-color@>=2.0.0 <3.0.0",
      "resolved": "https://registry.npmjs.org/supports-color/-/supports-color-2.0.0.tgz"
    },
    "through": {
      "version": "2.3.8",
      "from": "through@>=2.3.7 <3.0.0",
      "resolved": "https://registry.npmjs.org/through/-/through-2.3.8.tgz"
    },
    "through2": {
      "version": "2.0.3",
      "from": "through2@>=2.0.3 <3.0.0",
      "resolved": "https://registry.npmjs.org/through2/-/through2-2.0.3.tgz"
    },
    "tinyqueue": {
      "version": "1.2.2",
      "from": "tinyqueue@>=1.1.0 <2.0.0",
      "resolved": "https://registry.npmjs.org/tinyqueue/-/tinyqueue-1.2.2.tgz"
    },
    "to-utf8": {
      "version": "0.0.1",
      "from": "to-utf8@0.0.1",
      "resolved": "https://registry.npmjs.org/to-utf8/-/to-utf8-0.0.1.tgz"
    },
    "type-check": {
      "version": "0.3.2",
      "from": "type-check@>=0.3.2 <0.4.0",
      "resolved": "https://registry.npmjs.org/type-check/-/type-check-0.3.2.tgz"
    },
    "typedarray": {
      "version": "0.0.6",
      "from": "typedarray@>=0.0.6 <0.0.7",
      "resolved": "https://registry.npmjs.org/typedarray/-/typedarray-0.0.6.tgz"
    },
    "unassert": {
      "version": "1.5.1",
      "from": "unassert@>=1.3.1 <2.0.0",
      "resolved": "https://registry.npmjs.org/unassert/-/unassert-1.5.1.tgz",
      "dependencies": {
        "acorn": {
          "version": "4.0.13",
          "from": "acorn@>=4.0.0 <5.0.0",
          "resolved": "https://registry.npmjs.org/acorn/-/acorn-4.0.13.tgz"
        },
        "estraverse": {
          "version": "4.2.0",
          "from": "estraverse@>=4.1.0 <5.0.0",
          "resolved": "https://registry.npmjs.org/estraverse/-/estraverse-4.2.0.tgz"
        },
        "esutils": {
          "version": "2.0.2",
          "from": "esutils@>=2.0.2 <3.0.0",
          "resolved": "https://registry.npmjs.org/esutils/-/esutils-2.0.2.tgz"
        }
      }
    },
    "unassertify": {
      "version": "2.0.4",
      "from": "unassertify@>=2.0.0 <3.0.0",
      "resolved": "https://registry.npmjs.org/unassertify/-/unassertify-2.0.4.tgz",
      "dependencies": {
        "acorn": {
          "version": "4.0.13",
          "from": "acorn@>=4.0.0 <5.0.0",
          "resolved": "https://registry.npmjs.org/acorn/-/acorn-4.0.13.tgz"
        },
        "escodegen": {
          "version": "1.8.1",
          "from": "escodegen@>=1.6.1 <2.0.0",
          "resolved": "https://registry.npmjs.org/escodegen/-/escodegen-1.8.1.tgz"
        },
        "esprima": {
          "version": "2.7.3",
          "from": "esprima@>=2.7.1 <3.0.0",
          "resolved": "https://registry.npmjs.org/esprima/-/esprima-2.7.3.tgz"
        },
        "estraverse": {
          "version": "1.9.3",
          "from": "estraverse@>=1.9.1 <2.0.0",
          "resolved": "https://registry.npmjs.org/estraverse/-/estraverse-1.9.3.tgz"
        },
        "esutils": {
          "version": "2.0.2",
          "from": "esutils@>=2.0.2 <3.0.0",
          "resolved": "https://registry.npmjs.org/esutils/-/esutils-2.0.2.tgz"
        },
        "source-map": {
          "version": "0.2.0",
          "from": "source-map@>=0.2.0 <0.3.0",
          "resolved": "https://registry.npmjs.org/source-map/-/source-map-0.2.0.tgz",
          "optional": true
        }
      }
    },
    "unflowify": {
      "version": "1.0.1",
      "from": "unflowify@>=1.0.0 <2.0.0",
      "resolved": "https://registry.npmjs.org/unflowify/-/unflowify-1.0.1.tgz"
    },
    "util-deprecate": {
      "version": "1.0.2",
      "from": "util-deprecate@>=1.0.1 <1.1.0",
      "resolved": "https://registry.npmjs.org/util-deprecate/-/util-deprecate-1.0.2.tgz"
    },
    "uuid": {
      "version": "2.0.3",
      "from": "uuid@>=2.0.1 <3.0.0",
      "resolved": "https://registry.npmjs.org/uuid/-/uuid-2.0.3.tgz"
    },
    "vector-tile": {
      "version": "1.3.0",
      "from": "vector-tile@>=1.3.0 <2.0.0",
      "resolved": "https://registry.npmjs.org/vector-tile/-/vector-tile-1.3.0.tgz"
    },
    "vlq": {
      "version": "0.2.2",
      "from": "vlq@>=0.2.1 <0.3.0",
      "resolved": "https://registry.npmjs.org/vlq/-/vlq-0.2.2.tgz"
    },
    "vt-pbf": {
      "version": "2.1.3",
      "from": "vt-pbf@>=2.0.2 <3.0.0",
      "resolved": "https://registry.npmjs.org/vt-pbf/-/vt-pbf-2.1.3.tgz",
      "dependencies": {
        "pbf": {
          "version": "3.0.5",
          "from": "pbf@>=3.0.5 <4.0.0",
          "resolved": "https://registry.npmjs.org/pbf/-/pbf-3.0.5.tgz"
        }
      }
    },
    "webworkify": {
      "version": "1.4.0",
      "from": "webworkify@>=1.4.0 <2.0.0",
      "resolved": "https://registry.npmjs.org/webworkify/-/webworkify-1.4.0.tgz"
    },
    "wgs84": {
      "version": "0.0.0",
      "from": "wgs84@0.0.0",
      "resolved": "https://registry.npmjs.org/wgs84/-/wgs84-0.0.0.tgz"
    },
    "wordwrap": {
      "version": "1.0.0",
      "from": "wordwrap@>=1.0.0 <1.1.0",
      "resolved": "https://registry.npmjs.org/wordwrap/-/wordwrap-1.0.0.tgz"
    },
    "xtend": {
      "version": "4.0.1",
      "from": "xtend@>=4.0.1 <4.1.0",
      "resolved": "https://registry.npmjs.org/xtend/-/xtend-4.0.1.tgz"
    }
  }
}
